
Microsoft Visual Studio Solution File, Format Version 12.00
# Visual Studio 14
VisualStudioVersion = 14.0.25123.0
MinimumVisualStudioVersion = 10.0.40219.1
Project("{FAE04EC0-301F-11D3-BF4B-00C04F79EFBC}") = "MyGame", "MyGame\MyGame.csproj", "{C85BBFD8-0B2D-4BA1-8C92-E6BA9C609DB8}"
EndProject
Project("{FAE04EC0-301F-11D3-BF4B-00C04F79EFBC}") = "Server", "Server\Server.csproj", "{FAA7ED89-6881-4FD1-B796-BD43F147E311}"
EndProject
Project("{FAE04EC0-301F-11D3-BF4B-00C04F79EFBC}") = "Common", "Common\Common.csproj", "{2809B6D7-D60E-4863-835A-8B53DEA8DB74}"
EndProject
Global
	GlobalSection(SolutionConfigurationPlatforms) = preSolution
		Debug|Any CPU = Debug|Any CPU
		Debug|x86 = Debug|x86
		Release|Any CPU = Release|Any CPU
		Release|x86 = Release|x86
	EndGlobalSection
	GlobalSection(ProjectConfigurationPlatforms) = postSolution
		{C85BBFD8-0B2D-4BA1-8C92-E6BA9C609DB8}.Debug|Any CPU.ActiveCfg = Debug|x86
		{C85BBFD8-0B2D-4BA1-8C92-E6BA9C609DB8}.Debug|x86.ActiveCfg = Debug|x86
		{C85BBFD8-0B2D-4BA1-8C92-E6BA9C609DB8}.Debug|x86.Build.0 = Debug|x86
		{C85BBFD8-0B2D-4BA1-8C92-E6BA9C609DB8}.Release|Any CPU.ActiveCfg = Release|x86
		{C85BBFD8-0B2D-4BA1-8C92-E6BA9C609DB8}.Release|x86.ActiveCfg = Release|x86
		{C85BBFD8-0B2D-4BA1-8C92-E6BA9C609DB8}.Release|x86.Build.0 = Release|x86
		{FAA7ED89-6881-4FD1-B796-BD43F147E311}.Debug|Any CPU.ActiveCfg = Debug|Any CPU
		{FAA7ED89-6881-4FD1-B796-BD43F147E311}.Debug|Any CPU.Build.0 = Debug|Any CPU
		{FAA7ED89-6881-4FD1-B796-BD43F147E311}.Debug|x86.ActiveCfg = Debug|Any CPU
		{FAA7ED89-6881-4FD1-B796-BD43F147E311}.Debug|x86.Build.0 = Debug|Any CPU
		{FAA7ED89-6881-4FD1-B796-BD43F147E311}.Release|Any CPU.ActiveCfg = Release|Any CPU
		{FAA7ED89-6881-4FD1-B796-BD43F147E311}.Release|Any CPU.Build.0 = Release|Any CPU
		{FAA7ED89-6881-4FD1-B796-BD43F147E311}.Release|x86.ActiveCfg = Release|Any CPU
		{FAA7ED89-6881-4FD1-B796-BD43F147E311}.Release|x86.Build.0 = Release|Any CPU
		{2809B6D7-D60E-4863-835A-8B53DEA8DB74}.Debug|Any CPU.ActiveCfg = Debug|Any CPU
		{2809B6D7-D60E-4863-835A-8B53DEA8DB74}.Debug|Any CPU.Build.0 = Debug|Any CPU
		{2809B6D7-D60E-4863-835A-8B53DEA8DB74}.Debug|x86.ActiveCfg = Debug|Any CPU
		{2809B6D7-D60E-4863-835A-8B53DEA8DB74}.Debug|x86.Build.0 = Debug|Any CPU
		{2809B6D7-D60E-4863-835A-8B53DEA8DB74}.Release|Any CPU.ActiveCfg = Release|Any CPU
		{2809B6D7-D60E-4863-835A-8B53DEA8DB74}.Release|Any CPU.Build.0 = Release|Any CPU
		{2809B6D7-D60E-4863-835A-8B53DEA8DB74}.Release|x86.ActiveCfg = Release|Any CPU
		{2809B6D7-D60E-4863-835A-8B53DEA8DB74}.Release|x86.Build.0 = Release|Any CPU
	EndGlobalSection
	GlobalSection(SolutionProperties) = preSolution
		HideSolutionNode = FALSE
	EndGlobalSection
EndGlobal
